
Microsoft Visual Studio Solution File, Format Version 12.00
# Visual Studio Version 16
VisualStudioVersion = 16.0.29409.12
MinimumVisualStudioVersion = 10.0.40219.1
Project("{9A19103F-16F7-4668-BE54-9A1E7A4F7556}") = "Demo1", "Demo1\Demo1.csproj", "{B957DDB1-F02B-44B1-82B4-63571BC1C78E}"
EndProject
Project("{9A19103F-16F7-4668-BE54-9A1E7A4F7556}") = "DebugDemo", "DebusDemo\DebugDemo.csproj", "{439EBCB4-6C47-4237-A862-E439F79655F0}"
EndProject
Project("{9A19103F-16F7-4668-BE54-9A1E7A4F7556}") = "OpgVariabler", "VAriabler\OpgVariabler.csproj", "{E519EA20-F4C9-4FC0-B03E-BB9796D60891}"
EndProject
Project("{9A19103F-16F7-4668-BE54-9A1E7A4F7556}") = "Regnemaskine", "Regnemaskine\Regnemaskine.csproj", "{2E74BCF6-1513-481E-9EF6-FA8841E7F89F}"
EndProject
Project("{9A19103F-16F7-4668-BE54-9A1E7A4F7556}") = "Strenge", "Strenge\Strenge.csproj", "{B5426F28-D99E-4238-B71C-1B2A205BA2FE}"
EndProject
Project("{9A19103F-16F7-4668-BE54-9A1E7A4F7556}") = "Enum", "Enum\Enum.csproj", "{0F15C019-4CBA-4EDC-8240-1F9B948E71C7}"
EndProject
Project("{9A19103F-16F7-4668-BE54-9A1E7A4F7556}") = "Flow", "Flow\Flow.csproj", "{32BDBEB5-8B78-452A-BD55-7AF15976B112}"
EndProject
Project("{9A19103F-16F7-4668-BE54-9A1E7A4F7556}") = "Metoder", "Metoder\Metoder.csproj", "{A42EA4ED-CB99-46C8-8383-D07DC2A495A7}"
EndProject
Project("{9A19103F-16F7-4668-BE54-9A1E7A4F7556}") = "Fejlhåndtering", "Fejlhåndtering\Fejlhåndtering.csproj", "{AB52F06C-8217-46E8-B1CA-CA926E27904D}"
EndProject
Project("{9A19103F-16F7-4668-BE54-9A1E7A4F7556}") = "Klasser", "Klasser\Klasser.csproj", "{B7E2D845-67A2-430C-A6EB-AE49F1D88704}"
EndProject
Project("{9A19103F-16F7-4668-BE54-9A1E7A4F7556}") = "Terning", "Terning\Terning.csproj", "{AEF6FF6E-CC90-45EF-8AE1-42EF38BCFA54}"
EndProject
Project("{9A19103F-16F7-4668-BE54-9A1E7A4F7556}") = "ConsoleApp1", "ConsoleApp1\ConsoleApp1.csproj", "{32344047-20AA-4B14-803B-89A30FC440D5}"
EndProject
Project("{9A19103F-16F7-4668-BE54-9A1E7A4F7556}") = "UmlDemo", "UmlDemo\UmlDemo.csproj", "{C2A7D0BB-0CE5-4A58-A739-84F68C1EE1CB}"
EndProject
Project("{9A19103F-16F7-4668-BE54-9A1E7A4F7556}") = "Beregninger", "Beregninger\Beregninger.csproj", "{62D06989-71F3-45DC-ADF4-6944F14DD5DE}"
EndProject
Project("{9A19103F-16F7-4668-BE54-9A1E7A4F7556}") = "Hukommelse", "Hukommelse\Hukommelse.csproj", "{1556014D-7C73-442A-B32E-CF1007431A28}"
EndProject
Project("{9A19103F-16F7-4668-BE54-9A1E7A4F7556}") = "Egenskaber", "Egenskaber\Egenskaber.csproj", "{85F7B0E7-C8B1-4CC3-9E84-882431DA55D1}"
EndProject
Project("{9A19103F-16F7-4668-BE54-9A1E7A4F7556}") = "Terning3", "Terning3\Terning3.csproj", "{54D11FE2-6316-47A6-AC80-1AC44B198EE1}"
EndProject
Project("{9A19103F-16F7-4668-BE54-9A1E7A4F7556}") = "Arv", "Arv\Arv.csproj", "{02FD97F6-9F57-4ABB-A666-8BA8DD165044}"
EndProject
Project("{9A19103F-16F7-4668-BE54-9A1E7A4F7556}") = "PolymorfTerning", "Terning4\PolymorfTerning.csproj", "{8B870DE4-911A-45AF-BCBC-86E42B16B96A}"
EndProject
Project("{9A19103F-16F7-4668-BE54-9A1E7A4F7556}") = "Polymorf", "Polymorf\Polymorf.csproj", "{D73F016D-E772-487E-B4BE-1E6B241FB7D7}"
EndProject
Project("{9A19103F-16F7-4668-BE54-9A1E7A4F7556}") = "ArvDyr", "ArvDyr\ArvDyr.csproj", "{4559871E-483E-424B-B0A4-CCB846764AAF}"
EndProject
Project("{9A19103F-16F7-4668-BE54-9A1E7A4F7556}") = "Interface", "Interface\Interface.csproj", "{3F957BF5-CD0D-4D28-82FD-DBC57C56880C}"
EndProject
Project("{9A19103F-16F7-4668-BE54-9A1E7A4F7556}") = "Interface_Compare", "Interface_Compare\Interface_Compare.csproj", "{017E02A6-42E6-416C-B260-15F7D2C9111B}"
EndProject
Project("{FAE04EC0-301F-11D3-BF4B-00C04F79EFBC}") = "Delegates1", "Delegates1\Delegates1.csproj", "{2956B76D-7B9F-4B3E-8F11-8620D9C5AC7F}"
EndProject
Project("{FAE04EC0-301F-11D3-BF4B-00C04F79EFBC}") = "Delegates2_Beregner", "Delegates2_Beregner\Delegates2_Beregner.csproj", "{D1DCF113-ECBE-4BD2-B8C4-C11DA3F24F7A}"
EndProject
Project("{FAE04EC0-301F-11D3-BF4B-00C04F79EFBC}") = "DelegatesFunc", "DelegatesFunc\DelegatesFunc.csproj", "{7F0F9F49-6306-439C-A35B-AF08C92AF581}"
EndProject
Project("{FAE04EC0-301F-11D3-BF4B-00C04F79EFBC}") = "Lamba1", "Lamba1\Lamba1.csproj", "{42CCD9CB-E43A-4980-AA6C-B45BE1E6EC3D}"
EndProject
Project("{FAE04EC0-301F-11D3-BF4B-00C04F79EFBC}") = "LambaRegnemaskine", "LambaRegnemaskine\LambaRegnemaskine.csproj", "{416AE6CB-8315-42DA-9571-C58185B731D9}"
EndProject
Project("{FAE04EC0-301F-11D3-BF4B-00C04F79EFBC}") = "Events1", "Events1\Events1.csproj", "{92576208-6F2C-4A2B-BEC4-5735DCB57BDE}"
EndProject
Project("{FAE04EC0-301F-11D3-BF4B-00C04F79EFBC}") = "EventsKreditmax", "EventsKrditmax\EventsKreditmax.csproj", "{E8FA2F17-8C72-41C5-BF7D-4CD9352C0B24}"
EndProject
Project("{FAE04EC0-301F-11D3-BF4B-00C04F79EFBC}") = "Linq1ToObject", "Linq1ToObject\Linq1ToObject.csproj", "{0432CC14-8E68-4542-BC0B-104D6B155644}"
EndProject
Project("{FAE04EC0-301F-11D3-BF4B-00C04F79EFBC}") = "Linq2ToObjectsPerson", "Linq2ToObjectsPerson\Linq2ToObjectsPerson.csproj", "{3207E1CC-6F94-4471-AC79-CB80F3F7C73B}"
EndProject
Global
	GlobalSection(SolutionConfigurationPlatforms) = preSolution
		Debug|Any CPU = Debug|Any CPU
		Release|Any CPU = Release|Any CPU
	EndGlobalSection
	GlobalSection(ProjectConfigurationPlatforms) = postSolution
		{B957DDB1-F02B-44B1-82B4-63571BC1C78E}.Debug|Any CPU.ActiveCfg = Debug|Any CPU
		{B957DDB1-F02B-44B1-82B4-63571BC1C78E}.Debug|Any CPU.Build.0 = Debug|Any CPU
		{B957DDB1-F02B-44B1-82B4-63571BC1C78E}.Release|Any CPU.ActiveCfg = Release|Any CPU
		{B957DDB1-F02B-44B1-82B4-63571BC1C78E}.Release|Any CPU.Build.0 = Release|Any CPU
		{439EBCB4-6C47-4237-A862-E439F79655F0}.Debug|Any CPU.ActiveCfg = Debug|Any CPU
		{439EBCB4-6C47-4237-A862-E439F79655F0}.Debug|Any CPU.Build.0 = Debug|Any CPU
		{439EBCB4-6C47-4237-A862-E439F79655F0}.Release|Any CPU.ActiveCfg = Release|Any CPU
		{439EBCB4-6C47-4237-A862-E439F79655F0}.Release|Any CPU.Build.0 = Release|Any CPU
		{E519EA20-F4C9-4FC0-B03E-BB9796D60891}.Debug|Any CPU.ActiveCfg = Debug|Any CPU
		{E519EA20-F4C9-4FC0-B03E-BB9796D60891}.Debug|Any CPU.Build.0 = Debug|Any CPU
		{E519EA20-F4C9-4FC0-B03E-BB9796D60891}.Release|Any CPU.ActiveCfg = Release|Any CPU
		{E519EA20-F4C9-4FC0-B03E-BB9796D60891}.Release|Any CPU.Build.0 = Release|Any CPU
		{2E74BCF6-1513-481E-9EF6-FA8841E7F89F}.Debug|Any CPU.ActiveCfg = Debug|Any CPU
		{2E74BCF6-1513-481E-9EF6-FA8841E7F89F}.Debug|Any CPU.Build.0 = Debug|Any CPU
		{2E74BCF6-1513-481E-9EF6-FA8841E7F89F}.Release|Any CPU.ActiveCfg = Release|Any CPU
		{2E74BCF6-1513-481E-9EF6-FA8841E7F89F}.Release|Any CPU.Build.0 = Release|Any CPU
		{B5426F28-D99E-4238-B71C-1B2A205BA2FE}.Debug|Any CPU.ActiveCfg = Debug|Any CPU
		{B5426F28-D99E-4238-B71C-1B2A205BA2FE}.Debug|Any CPU.Build.0 = Debug|Any CPU
		{B5426F28-D99E-4238-B71C-1B2A205BA2FE}.Release|Any CPU.ActiveCfg = Release|Any CPU
		{B5426F28-D99E-4238-B71C-1B2A205BA2FE}.Release|Any CPU.Build.0 = Release|Any CPU
		{0F15C019-4CBA-4EDC-8240-1F9B948E71C7}.Debug|Any CPU.ActiveCfg = Debug|Any CPU
		{0F15C019-4CBA-4EDC-8240-1F9B948E71C7}.Debug|Any CPU.Build.0 = Debug|Any CPU
		{0F15C019-4CBA-4EDC-8240-1F9B948E71C7}.Release|Any CPU.ActiveCfg = Release|Any CPU
		{0F15C019-4CBA-4EDC-8240-1F9B948E71C7}.Release|Any CPU.Build.0 = Release|Any CPU
		{32BDBEB5-8B78-452A-BD55-7AF15976B112}.Debug|Any CPU.ActiveCfg = Debug|Any CPU
		{32BDBEB5-8B78-452A-BD55-7AF15976B112}.Debug|Any CPU.Build.0 = Debug|Any CPU
		{32BDBEB5-8B78-452A-BD55-7AF15976B112}.Release|Any CPU.ActiveCfg = Release|Any CPU
		{32BDBEB5-8B78-452A-BD55-7AF15976B112}.Release|Any CPU.Build.0 = Release|Any CPU
		{A42EA4ED-CB99-46C8-8383-D07DC2A495A7}.Debug|Any CPU.ActiveCfg = Debug|Any CPU
		{A42EA4ED-CB99-46C8-8383-D07DC2A495A7}.Debug|Any CPU.Build.0 = Debug|Any CPU
		{A42EA4ED-CB99-46C8-8383-D07DC2A495A7}.Release|Any CPU.ActiveCfg = Release|Any CPU
		{A42EA4ED-CB99-46C8-8383-D07DC2A495A7}.Release|Any CPU.Build.0 = Release|Any CPU
		{AB52F06C-8217-46E8-B1CA-CA926E27904D}.Debug|Any CPU.ActiveCfg = Debug|Any CPU
		{AB52F06C-8217-46E8-B1CA-CA926E27904D}.Debug|Any CPU.Build.0 = Debug|Any CPU
		{AB52F06C-8217-46E8-B1CA-CA926E27904D}.Release|Any CPU.ActiveCfg = Release|Any CPU
		{AB52F06C-8217-46E8-B1CA-CA926E27904D}.Release|Any CPU.Build.0 = Release|Any CPU
		{B7E2D845-67A2-430C-A6EB-AE49F1D88704}.Debug|Any CPU.ActiveCfg = Debug|Any CPU
		{B7E2D845-67A2-430C-A6EB-AE49F1D88704}.Debug|Any CPU.Build.0 = Debug|Any CPU
		{B7E2D845-67A2-430C-A6EB-AE49F1D88704}.Release|Any CPU.ActiveCfg = Release|Any CPU
		{B7E2D845-67A2-430C-A6EB-AE49F1D88704}.Release|Any CPU.Build.0 = Release|Any CPU
		{AEF6FF6E-CC90-45EF-8AE1-42EF38BCFA54}.Debug|Any CPU.ActiveCfg = Debug|Any CPU
		{AEF6FF6E-CC90-45EF-8AE1-42EF38BCFA54}.Debug|Any CPU.Build.0 = Debug|Any CPU
		{AEF6FF6E-CC90-45EF-8AE1-42EF38BCFA54}.Release|Any CPU.ActiveCfg = Release|Any CPU
		{AEF6FF6E-CC90-45EF-8AE1-42EF38BCFA54}.Release|Any CPU.Build.0 = Release|Any CPU
		{32344047-20AA-4B14-803B-89A30FC440D5}.Debug|Any CPU.ActiveCfg = Debug|Any CPU
		{32344047-20AA-4B14-803B-89A30FC440D5}.Debug|Any CPU.Build.0 = Debug|Any CPU
		{32344047-20AA-4B14-803B-89A30FC440D5}.Release|Any CPU.ActiveCfg = Release|Any CPU
		{32344047-20AA-4B14-803B-89A30FC440D5}.Release|Any CPU.Build.0 = Release|Any CPU
		{C2A7D0BB-0CE5-4A58-A739-84F68C1EE1CB}.Debug|Any CPU.ActiveCfg = Debug|Any CPU
		{C2A7D0BB-0CE5-4A58-A739-84F68C1EE1CB}.Debug|Any CPU.Build.0 = Debug|Any CPU
		{C2A7D0BB-0CE5-4A58-A739-84F68C1EE1CB}.Release|Any CPU.ActiveCfg = Release|Any CPU
		{C2A7D0BB-0CE5-4A58-A739-84F68C1EE1CB}.Release|Any CPU.Build.0 = Release|Any CPU
		{62D06989-71F3-45DC-ADF4-6944F14DD5DE}.Debug|Any CPU.ActiveCfg = Debug|Any CPU
		{62D06989-71F3-45DC-ADF4-6944F14DD5DE}.Debug|Any CPU.Build.0 = Debug|Any CPU
		{62D06989-71F3-45DC-ADF4-6944F14DD5DE}.Release|Any CPU.ActiveCfg = Release|Any CPU
		{62D06989-71F3-45DC-ADF4-6944F14DD5DE}.Release|Any CPU.Build.0 = Release|Any CPU
		{1556014D-7C73-442A-B32E-CF1007431A28}.Debug|Any CPU.ActiveCfg = Debug|Any CPU
		{1556014D-7C73-442A-B32E-CF1007431A28}.Debug|Any CPU.Build.0 = Debug|Any CPU
		{1556014D-7C73-442A-B32E-CF1007431A28}.Release|Any CPU.ActiveCfg = Release|Any CPU
		{1556014D-7C73-442A-B32E-CF1007431A28}.Release|Any CPU.Build.0 = Release|Any CPU
		{85F7B0E7-C8B1-4CC3-9E84-882431DA55D1}.Debug|Any CPU.ActiveCfg = Debug|Any CPU
		{85F7B0E7-C8B1-4CC3-9E84-882431DA55D1}.Debug|Any CPU.Build.0 = Debug|Any CPU
		{85F7B0E7-C8B1-4CC3-9E84-882431DA55D1}.Release|Any CPU.ActiveCfg = Release|Any CPU
		{85F7B0E7-C8B1-4CC3-9E84-882431DA55D1}.Release|Any CPU.Build.0 = Release|Any CPU
		{54D11FE2-6316-47A6-AC80-1AC44B198EE1}.Debug|Any CPU.ActiveCfg = Debug|Any CPU
		{54D11FE2-6316-47A6-AC80-1AC44B198EE1}.Debug|Any CPU.Build.0 = Debug|Any CPU
		{54D11FE2-6316-47A6-AC80-1AC44B198EE1}.Release|Any CPU.ActiveCfg = Release|Any CPU
		{54D11FE2-6316-47A6-AC80-1AC44B198EE1}.Release|Any CPU.Build.0 = Release|Any CPU
		{02FD97F6-9F57-4ABB-A666-8BA8DD165044}.Debug|Any CPU.ActiveCfg = Debug|Any CPU
		{02FD97F6-9F57-4ABB-A666-8BA8DD165044}.Debug|Any CPU.Build.0 = Debug|Any CPU
		{02FD97F6-9F57-4ABB-A666-8BA8DD165044}.Release|Any CPU.ActiveCfg = Release|Any CPU
		{02FD97F6-9F57-4ABB-A666-8BA8DD165044}.Release|Any CPU.Build.0 = Release|Any CPU
		{8B870DE4-911A-45AF-BCBC-86E42B16B96A}.Debug|Any CPU.ActiveCfg = Debug|Any CPU
		{8B870DE4-911A-45AF-BCBC-86E42B16B96A}.Debug|Any CPU.Build.0 = Debug|Any CPU
		{8B870DE4-911A-45AF-BCBC-86E42B16B96A}.Release|Any CPU.ActiveCfg = Release|Any CPU
		{8B870DE4-911A-45AF-BCBC-86E42B16B96A}.Release|Any CPU.Build.0 = Release|Any CPU
		{D73F016D-E772-487E-B4BE-1E6B241FB7D7}.Debug|Any CPU.ActiveCfg = Debug|Any CPU
		{D73F016D-E772-487E-B4BE-1E6B241FB7D7}.Debug|Any CPU.Build.0 = Debug|Any CPU
		{D73F016D-E772-487E-B4BE-1E6B241FB7D7}.Release|Any CPU.ActiveCfg = Release|Any CPU
		{D73F016D-E772-487E-B4BE-1E6B241FB7D7}.Release|Any CPU.Build.0 = Release|Any CPU
		{4559871E-483E-424B-B0A4-CCB846764AAF}.Debug|Any CPU.ActiveCfg = Debug|Any CPU
		{4559871E-483E-424B-B0A4-CCB846764AAF}.Debug|Any CPU.Build.0 = Debug|Any CPU
		{4559871E-483E-424B-B0A4-CCB846764AAF}.Release|Any CPU.ActiveCfg = Release|Any CPU
		{4559871E-483E-424B-B0A4-CCB846764AAF}.Release|Any CPU.Build.0 = Release|Any CPU
		{3F957BF5-CD0D-4D28-82FD-DBC57C56880C}.Debug|Any CPU.ActiveCfg = Debug|Any CPU
		{3F957BF5-CD0D-4D28-82FD-DBC57C56880C}.Debug|Any CPU.Build.0 = Debug|Any CPU
		{3F957BF5-CD0D-4D28-82FD-DBC57C56880C}.Release|Any CPU.ActiveCfg = Release|Any CPU
		{3F957BF5-CD0D-4D28-82FD-DBC57C56880C}.Release|Any CPU.Build.0 = Release|Any CPU
		{017E02A6-42E6-416C-B260-15F7D2C9111B}.Debug|Any CPU.ActiveCfg = Debug|Any CPU
		{017E02A6-42E6-416C-B260-15F7D2C9111B}.Debug|Any CPU.Build.0 = Debug|Any CPU
		{017E02A6-42E6-416C-B260-15F7D2C9111B}.Release|Any CPU.ActiveCfg = Release|Any CPU
		{017E02A6-42E6-416C-B260-15F7D2C9111B}.Release|Any CPU.Build.0 = Release|Any CPU
		{2956B76D-7B9F-4B3E-8F11-8620D9C5AC7F}.Debug|Any CPU.ActiveCfg = Debug|Any CPU
		{2956B76D-7B9F-4B3E-8F11-8620D9C5AC7F}.Debug|Any CPU.Build.0 = Debug|Any CPU
		{2956B76D-7B9F-4B3E-8F11-8620D9C5AC7F}.Release|Any CPU.ActiveCfg = Release|Any CPU
		{2956B76D-7B9F-4B3E-8F11-8620D9C5AC7F}.Release|Any CPU.Build.0 = Release|Any CPU
		{D1DCF113-ECBE-4BD2-B8C4-C11DA3F24F7A}.Debug|Any CPU.ActiveCfg = Debug|Any CPU
		{D1DCF113-ECBE-4BD2-B8C4-C11DA3F24F7A}.Debug|Any CPU.Build.0 = Debug|Any CPU
		{D1DCF113-ECBE-4BD2-B8C4-C11DA3F24F7A}.Release|Any CPU.ActiveCfg = Release|Any CPU
		{D1DCF113-ECBE-4BD2-B8C4-C11DA3F24F7A}.Release|Any CPU.Build.0 = Release|Any CPU
		{7F0F9F49-6306-439C-A35B-AF08C92AF581}.Debug|Any CPU.ActiveCfg = Debug|Any CPU
		{7F0F9F49-6306-439C-A35B-AF08C92AF581}.Debug|Any CPU.Build.0 = Debug|Any CPU
		{7F0F9F49-6306-439C-A35B-AF08C92AF581}.Release|Any CPU.ActiveCfg = Release|Any CPU
		{7F0F9F49-6306-439C-A35B-AF08C92AF581}.Release|Any CPU.Build.0 = Release|Any CPU
		{42CCD9CB-E43A-4980-AA6C-B45BE1E6EC3D}.Debug|Any CPU.ActiveCfg = Debug|Any CPU
		{42CCD9CB-E43A-4980-AA6C-B45BE1E6EC3D}.Debug|Any CPU.Build.0 = Debug|Any CPU
		{42CCD9CB-E43A-4980-AA6C-B45BE1E6EC3D}.Release|Any CPU.ActiveCfg = Release|Any CPU
		{42CCD9CB-E43A-4980-AA6C-B45BE1E6EC3D}.Release|Any CPU.Build.0 = Release|Any CPU
		{416AE6CB-8315-42DA-9571-C58185B731D9}.Debug|Any CPU.ActiveCfg = Debug|Any CPU
		{416AE6CB-8315-42DA-9571-C58185B731D9}.Debug|Any CPU.Build.0 = Debug|Any CPU
		{416AE6CB-8315-42DA-9571-C58185B731D9}.Release|Any CPU.ActiveCfg = Release|Any CPU
		{416AE6CB-8315-42DA-9571-C58185B731D9}.Release|Any CPU.Build.0 = Release|Any CPU
		{92576208-6F2C-4A2B-BEC4-5735DCB57BDE}.Debug|Any CPU.ActiveCfg = Debug|Any CPU
		{92576208-6F2C-4A2B-BEC4-5735DCB57BDE}.Debug|Any CPU.Build.0 = Debug|Any CPU
		{92576208-6F2C-4A2B-BEC4-5735DCB57BDE}.Release|Any CPU.ActiveCfg = Release|Any CPU
		{92576208-6F2C-4A2B-BEC4-5735DCB57BDE}.Release|Any CPU.Build.0 = Release|Any CPU
		{E8FA2F17-8C72-41C5-BF7D-4CD9352C0B24}.Debug|Any CPU.ActiveCfg = Debug|Any CPU
		{E8FA2F17-8C72-41C5-BF7D-4CD9352C0B24}.Debug|Any CPU.Build.0 = Debug|Any CPU
		{E8FA2F17-8C72-41C5-BF7D-4CD9352C0B24}.Release|Any CPU.ActiveCfg = Release|Any CPU
		{E8FA2F17-8C72-41C5-BF7D-4CD9352C0B24}.Release|Any CPU.Build.0 = Release|Any CPU
		{0432CC14-8E68-4542-BC0B-104D6B155644}.Debug|Any CPU.ActiveCfg = Debug|Any CPU
		{0432CC14-8E68-4542-BC0B-104D6B155644}.Debug|Any CPU.Build.0 = Debug|Any CPU
		{0432CC14-8E68-4542-BC0B-104D6B155644}.Release|Any CPU.ActiveCfg = Release|Any CPU
		{0432CC14-8E68-4542-BC0B-104D6B155644}.Release|Any CPU.Build.0 = Release|Any CPU
		{3207E1CC-6F94-4471-AC79-CB80F3F7C73B}.Debug|Any CPU.ActiveCfg = Debug|Any CPU
		{3207E1CC-6F94-4471-AC79-CB80F3F7C73B}.Debug|Any CPU.Build.0 = Debug|Any CPU
		{3207E1CC-6F94-4471-AC79-CB80F3F7C73B}.Release|Any CPU.ActiveCfg = Release|Any CPU
		{3207E1CC-6F94-4471-AC79-CB80F3F7C73B}.Release|Any CPU.Build.0 = Release|Any CPU
	EndGlobalSection
	GlobalSection(SolutionProperties) = preSolution
		HideSolutionNode = FALSE
	EndGlobalSection
	GlobalSection(ExtensibilityGlobals) = postSolution
		SolutionGuid = {3D3DA247-1549-485D-9BC4-18E2CF05BB2D}
	EndGlobalSection
EndGlobal
